<Solution>
  <Folder Name="/src/">
    <Project Path="src/ClearPay.Application/ClearPay.Application.csproj" />
    <Project Path="src/ClearPay.Domain/ClearPay.Domain.csproj" />
    <Project Path="src/ClearPay.Infrastructure/ClearPay.Infrastructure.csproj" />
    <Project Path="src/ClearPay.Web/ClearPay.Web.csproj" />
  </Folder>
  <Folder Name="/tests/">
    <Project Path="tests/ClearPay.Tests/ClearPay.Tests.csproj" />
  </Folder>
</Solution>
